// !$*UTF8*$!
{
	archiveVersion = 1;
	classes = {
	};
	objectVersion = 46;
	objects = {

/* Begin PBXBuildFile section */
		1818ADCC19A4DC2700EE1327 /* ForecastViewController.m in Sources */ = {isa = PBXBuildFile; fileRef = 1818ADCB19A4DC2700EE1327 /* ForecastViewController.m */; };
		183498D61A011227009FD228 /* ic_class_black_48dp.png in Resources */ = {isa = PBXBuildFile; fileRef = 183498D51A011227009FD228 /* ic_class_black_48dp.png */; };
		183FEB371A07C14000447579 /* fadiving@2x.png in Resources */ = {isa = PBXBuildFile; fileRef = 183FEB351A07C14000447579 /* fadiving@2x.png */; };
		183FEB381A07C14000447579 /* fadiving@3x.png in Resources */ = {isa = PBXBuildFile; fileRef = 183FEB361A07C14000447579 /* fadiving@3x.png */; };
		18CC91231A57C07A000B3AD0 /* ForecastNewViewController.m in Sources */ = {isa = PBXBuildFile; fileRef = 18CC91221A57C07A000B3AD0 /* ForecastNewViewController.m */; };
		18CC91371A57DAC2000B3AD0 /* icons.bundle in Resources */ = {isa = PBXBuildFile; fileRef = 18CC91361A57DAC2000B3AD0 /* icons.bundle */; };
		18D85C8A199CF9CA00D20CC8 /* Foundation.framework in Frameworks */ = {isa = PBXBuildFile; fileRef = 18D85C89199CF9CA00D20CC8 /* Foundation.framework */; };
		18D85C8C199CF9CA00D20CC8 /* CoreGraphics.framework in Frameworks */ = {isa = PBXBuildFile; fileRef = 18D85C8B199CF9CA00D20CC8 /* CoreGraphics.framework */; };
		18D85C8E199CF9CA00D20CC8 /* UIKit.framework in Frameworks */ = {isa = PBXBuildFile; fileRef = 18D85C8D199CF9CA00D20CC8 /* UIKit.framework */; };
		18D85C90199CF9CA00D20CC8 /* CoreData.framework in Frameworks */ = {isa = PBXBuildFile; fileRef = 18D85C8F199CF9CA00D20CC8 /* CoreData.framework */; };
		18D85C96199CF9CA00D20CC8 /* InfoPlist.strings in Resources */ = {isa = PBXBuildFile; fileRef = 18D85C94199CF9CA00D20CC8 /* InfoPlist.strings */; };
		18D85C98199CF9CA00D20CC8 /* main.m in Sources */ = {isa = PBXBuildFile; fileRef = 18D85C97199CF9CA00D20CC8 /* main.m */; };
		18D85C9C199CF9CA00D20CC8 /* AppDelegate.m in Sources */ = {isa = PBXBuildFile; fileRef = 18D85C9B199CF9CA00D20CC8 /* AppDelegate.m */; };
		18D85C9F199CF9CA00D20CC8 /* taichungdiving.xcdatamodeld in Sources */ = {isa = PBXBuildFile; fileRef = 18D85C9D199CF9CA00D20CC8 /* taichungdiving.xcdatamodeld */; };
		18D85CA8199CF9CA00D20CC8 /* XCTest.framework in Frameworks */ = {isa = PBXBuildFile; fileRef = 18D85CA7199CF9CA00D20CC8 /* XCTest.framework */; };
		18D85CA9199CF9CA00D20CC8 /* Foundation.framework in Frameworks */ = {isa = PBXBuildFile; fileRef = 18D85C89199CF9CA00D20CC8 /* Foundation.framework */; };
		18D85CAA199CF9CA00D20CC8 /* UIKit.framework in Frameworks */ = {isa = PBXBuildFile; fileRef = 18D85C8D199CF9CA00D20CC8 /* UIKit.framework */; };
		18D85CAB199CF9CA00D20CC8 /* CoreData.framework in Frameworks */ = {isa = PBXBuildFile; fileRef = 18D85C8F199CF9CA00D20CC8 /* CoreData.framework */; };
		18D85CB3199CF9CA00D20CC8 /* InfoPlist.strings in Resources */ = {isa = PBXBuildFile; fileRef = 18D85CB1199CF9CA00D20CC8 /* InfoPlist.strings */; };
		18D85CB5199CF9CA00D20CC8 /* taichungdivingTests.m in Sources */ = {isa = PBXBuildFile; fileRef = 18D85CB4199CF9CA00D20CC8 /* taichungdivingTests.m */; };
		577D179419A2F5FB00370BC3 /* LogBookTableViewController.m in Sources */ = {isa = PBXBuildFile; fileRef = 577D179319A2F5FB00370BC3 /* LogBookTableViewController.m */; };
		578A1D4319E4C80A00393AD3 /* SitePick.m in Sources */ = {isa = PBXBuildFile; fileRef = 578A1D4219E4C80A00393AD3 /* SitePick.m */; };
		579090ED19A71E1E00FABBF5 /* Record.m in Sources */ = {isa = PBXBuildFile; fileRef = 579090EC19A71E1E00FABBF5 /* Record.m */; };
		5793014319CBCAA500DEF241 /* LogViewController.m in Sources */ = {isa = PBXBuildFile; fileRef = 5793014219CBCAA500DEF241 /* LogViewController.m */; };
		5793014619CBF94D00DEF241 /* PageViewController.m in Sources */ = {isa = PBXBuildFile; fileRef = 5793014519CBF94D00DEF241 /* PageViewController.m */; };
		5793014919CBF99900DEF241 /* ModelControler.m in Sources */ = {isa = PBXBuildFile; fileRef = 5793014819CBF99900DEF241 /* ModelControler.m */; };
		5793014C19CBFA4000DEF241 /* LogDatabase.m in Sources */ = {isa = PBXBuildFile; fileRef = 5793014B19CBFA4000DEF241 /* LogDatabase.m */; };
		5793014F19CBFBD100DEF241 /* LogShowViewController.m in Sources */ = {isa = PBXBuildFile; fileRef = 5793014E19CBFBD100DEF241 /* LogShowViewController.m */; };
		57A2D35C1A01F04E00595BBF /* ic_book_black_24dp.png in Resources */ = {isa = PBXBuildFile; fileRef = 57A2D35B1A01F04E00595BBF /* ic_book_black_24dp.png */; };
		57A3D5F219AED8AB0025FEEB /* ForecastAnnotation.m in Sources */ = {isa = PBXBuildFile; fileRef = 57A3D5F119AED8AB0025FEEB /* ForecastAnnotation.m */; };
		57A3D5F419AED8E20025FEEB /* MapKit.framework in Frameworks */ = {isa = PBXBuildFile; fileRef = 57A3D5F319AED8E20025FEEB /* MapKit.framework */; };
		57A7DEBB1A0B451400F11CE6 /* Reachability.m in Sources */ = {isa = PBXBuildFile; fileRef = 57A7DEBA1A0B451400F11CE6 /* Reachability.m */; };
		57A8CA0C1A089BF400238CD3 /* TourTableViewController.m in Sources */ = {isa = PBXBuildFile; fileRef = 57A8CA0B1A089BF400238CD3 /* TourTableViewController.m */; };
		57AD566819B6BD29009252C0 /* ForecastDetailViewController.m in Sources */ = {isa = PBXBuildFile; fileRef = 57AD566719B6BD29009252C0 /* ForecastDetailViewController.m */; };
		57B56FFA1A08BEED004921BB /* TourDetailViewController.m in Sources */ = {isa = PBXBuildFile; fileRef = 57B56FF91A08BEED004921BB /* TourDetailViewController.m */; };
		57B69E021A007E15006C56EA /* LogCategoryViewController.m in Sources */ = {isa = PBXBuildFile; fileRef = 57B69E011A007E15006C56EA /* LogCategoryViewController.m */; };
		57BA4DD519FF3508001BA6CA /* ic_warning_amber_48dp.png in Resources */ = {isa = PBXBuildFile; fileRef = 57BA4DD419FF3508001BA6CA /* ic_warning_amber_48dp.png */; };
		57BA4DD719FF3547001BA6CA /* ic_book_black_48dp.png in Resources */ = {isa = PBXBuildFile; fileRef = 57BA4DD619FF3547001BA6CA /* ic_book_black_48dp.png */; };
		57BA4DD919FF35F6001BA6CA /* ic_home_black_24dp.png in Resources */ = {isa = PBXBuildFile; fileRef = 57BA4DD819FF35F6001BA6CA /* ic_home_black_24dp.png */; };
		57BA4DDB19FF363E001BA6CA /* ic_refresh_black_24dp.png in Resources */ = {isa = PBXBuildFile; fileRef = 57BA4DDA19FF363E001BA6CA /* ic_refresh_black_24dp.png */; };
		57BA4DDD19FF3677001BA6CA /* ic_save_black_24dp.png in Resources */ = {isa = PBXBuildFile; fileRef = 57BA4DDC19FF3677001BA6CA /* ic_save_black_24dp.png */; };
		57BA4DDF19FF3AA4001BA6CA /* ic_edit_black_24dp.png in Resources */ = {isa = PBXBuildFile; fileRef = 57BA4DDE19FF3AA4001BA6CA /* ic_edit_black_24dp.png */; };
		57BEF03E1A0753C7009804C1 /* Taichung_Diving@3x.png in Resources */ = {isa = PBXBuildFile; fileRef = 57BEF03D1A0753C7009804C1 /* Taichung_Diving@3x.png */; };
		57BEF0401A07552E009804C1 /* Taichung_Diving@2x.png in Resources */ = {isa = PBXBuildFile; fileRef = 57BEF03F1A07552E009804C1 /* Taichung_Diving@2x.png */; };
		57BEF0421A07569C009804C1 /* Images-2.xcassets in Resources */ = {isa = PBXBuildFile; fileRef = 57BEF0411A07569C009804C1 /* Images-2.xcassets */; };
		57BEF0441A075897009804C1 /* Default-568h@2x.png in Resources */ = {isa = PBXBuildFile; fileRef = 57BEF0431A075897009804C1 /* Default-568h@2x.png */; };
		57DCBB3B19A19C2200BFFCED /* MainViewController.m in Sources */ = {isa = PBXBuildFile; fileRef = 57DCBB3A19A19C2200BFFCED /* MainViewController.m */; };
		57DCBB3E19A19C6B00BFFCED /* DiveLog.m in Sources */ = {isa = PBXBuildFile; fileRef = 57DCBB3D19A19C6B00BFFCED /* DiveLog.m */; };
/* End PBXBuildFile section */

/* Begin PBXContainerItemProxy section */
		18D85CAC199CF9CA00D20CC8 /* PBXContainerItemProxy */ = {
			isa = PBXContainerItemProxy;
			containerPortal = 18D85C7E199CF9CA00D20CC8 /* Project object */;
			proxyType = 1;
			remoteGlobalIDString = 18D85C85199CF9CA00D20CC8;
			remoteInfo = taichungdiving;
		};
/* End PBXContainerItemProxy section */

/* Begin PBXFileReference section */
		1818ADCA19A4DC2700EE1327 /* ForecastViewController.h */ = {isa = PBXFileReference; fileEncoding = 4; lastKnownFileType = sourcecode.c.h; path = ForecastViewController.h; sourceTree = "<group>"; };
		1818ADCB19A4DC2700EE1327 /* ForecastViewController.m */ = {isa = PBXFileReference; fileEncoding = 4; lastKnownFileType = sourcecode.c.objc; path = ForecastViewController.m; sourceTree = "<group>"; };
		183498D51A011227009FD228 /* ic_class_black_48dp.png */ = {isa = PBXFileReference; lastKnownFileType = image.png; path = ic_class_black_48dp.png; sourceTree = "<group>"; };
		183FEB351A07C14000447579 /* fadiving@2x.png */ = {isa = PBXFileReference; lastKnownFileType = image.png; path = "fadiving@2x.png"; sourceTree = "<group>"; };
		183FEB361A07C14000447579 /* fadiving@3x.png */ = {isa = PBXFileReference; lastKnownFileType = image.png; path = "fadiving@3x.png"; sourceTree = "<group>"; };
		18CC91211A57C07A000B3AD0 /* ForecastNewViewController.h */ = {isa = PBXFileReference; fileEncoding = 4; lastKnownFileType = sourcecode.c.h; path = ForecastNewViewController.h; sourceTree = "<group>"; };
		18CC91221A57C07A000B3AD0 /* ForecastNewViewController.m */ = {isa = PBXFileReference; fileEncoding = 4; lastKnownFileType = sourcecode.c.objc; path = ForecastNewViewController.m; sourceTree = "<group>"; };
		18CC91361A57DAC2000B3AD0 /* icons.bundle */ = {isa = PBXFileReference; lastKnownFileType = "wrapper.plug-in"; path = icons.bundle; sourceTree = "<group>"; };
		18D85C86199CF9CA00D20CC8 /* taichungdiving.app */ = {isa = PBXFileReference; explicitFileType = wrapper.application; includeInIndex = 0; path = taichungdiving.app; sourceTree = BUILT_PRODUCTS_DIR; };
		18D85C89199CF9CA00D20CC8 /* Foundation.framework */ = {isa = PBXFileReference; lastKnownFileType = wrapper.framework; name = Foundation.framework; path = System/Library/Frameworks/Foundation.framework; sourceTree = SDKROOT; };
		18D85C8B199CF9CA00D20CC8 /* CoreGraphics.framework */ = {isa = PBXFileReference; lastKnownFileType = wrapper.framework; name = CoreGraphics.framework; path = System/Library/Frameworks/CoreGraphics.framework; sourceTree = SDKROOT; };
		18D85C8D199CF9CA00D20CC8 /* UIKit.framework */ = {isa = PBXFileReference; lastKnownFileType = wrapper.framework; name = UIKit.framework; path = System/Library/Frameworks/UIKit.framework; sourceTree = SDKROOT; };
		18D85C8F199CF9CA00D20CC8 /* CoreData.framework */ = {isa = PBXFileReference; lastKnownFileType = wrapper.framework; name = CoreData.framework; path = System/Library/Frameworks/CoreData.framework; sourceTree = SDKROOT; };
		18D85C93199CF9CA00D20CC8 /* taichungdiving-Info.plist */ = {isa = PBXFileReference; lastKnownFileType = text.plist.xml; path = "taichungdiving-Info.plist"; sourceTree = "<group>"; };
		18D85C95199CF9CA00D20CC8 /* en */ = {isa = PBXFileReference; lastKnownFileType = text.plist.strings; name = en; path = en.lproj/InfoPlist.strings; sourceTree = "<group>"; };
		18D85C97199CF9CA00D20CC8 /* main.m */ = {isa = PBXFileReference; lastKnownFileType = sourcecode.c.objc; path = main.m; sourceTree = "<group>"; };
		18D85C99199CF9CA00D20CC8 /* taichungdiving-Prefix.pch */ = {isa = PBXFileReference; lastKnownFileType = sourcecode.c.h; path = "taichungdiving-Prefix.pch"; sourceTree = "<group>"; };
		18D85C9A199CF9CA00D20CC8 /* AppDelegate.h */ = {isa = PBXFileReference; lastKnownFileType = sourcecode.c.h; path = AppDelegate.h; sourceTree = "<group>"; };
		18D85C9B199CF9CA00D20CC8 /* AppDelegate.m */ = {isa = PBXFileReference; lastKnownFileType = sourcecode.c.objc; path = AppDelegate.m; sourceTree = "<group>"; };
		18D85C9E199CF9CA00D20CC8 /* taichungdiving.xcdatamodel */ = {isa = PBXFileReference; lastKnownFileType = wrapper.xcdatamodel; path = taichungdiving.xcdatamodel; sourceTree = "<group>"; };
		18D85CA6199CF9CA00D20CC8 /* taichungdivingTests.xctest */ = {isa = PBXFileReference; explicitFileType = wrapper.cfbundle; includeInIndex = 0; path = taichungdivingTests.xctest; sourceTree = BUILT_PRODUCTS_DIR; };
		18D85CA7199CF9CA00D20CC8 /* XCTest.framework */ = {isa = PBXFileReference; lastKnownFileType = wrapper.framework; name = XCTest.framework; path = Library/Frameworks/XCTest.framework; sourceTree = DEVELOPER_DIR; };
		18D85CB0199CF9CA00D20CC8 /* taichungdivingTests-Info.plist */ = {isa = PBXFileReference; lastKnownFileType = text.plist.xml; path = "taichungdivingTests-Info.plist"; sourceTree = "<group>"; };
		18D85CB2199CF9CA00D20CC8 /* en */ = {isa = PBXFileReference; lastKnownFileType = text.plist.strings; name = en; path = en.lproj/InfoPlist.strings; sourceTree = "<group>"; };
		18D85CB4199CF9CA00D20CC8 /* taichungdivingTests.m */ = {isa = PBXFileReference; lastKnownFileType = sourcecode.c.objc; path = taichungdivingTests.m; sourceTree = "<group>"; };
		577D179219A2F5FB00370BC3 /* LogBookTableViewController.h */ = {isa = PBXFileReference; fileEncoding = 4; lastKnownFileType = sourcecode.c.h; path = LogBookTableViewController.h; sourceTree = "<group>"; };
		577D179319A2F5FB00370BC3 /* LogBookTableViewController.m */ = {isa = PBXFileReference; fileEncoding = 4; lastKnownFileType = sourcecode.c.objc; path = LogBookTableViewController.m; sourceTree = "<group>"; };
		578A1D4119E4C80A00393AD3 /* SitePick.h */ = {isa = PBXFileReference; fileEncoding = 4; lastKnownFileType = sourcecode.c.h; path = SitePick.h; sourceTree = "<group>"; };
		578A1D4219E4C80A00393AD3 /* SitePick.m */ = {isa = PBXFileReference; fileEncoding = 4; lastKnownFileType = sourcecode.c.objc; path = SitePick.m; sourceTree = "<group>"; };
		579090EB19A71E1E00FABBF5 /* Record.h */ = {isa = PBXFileReference; fileEncoding = 4; lastKnownFileType = sourcecode.c.h; path = Record.h; sourceTree = "<group>"; };
		579090EC19A71E1E00FABBF5 /* Record.m */ = {isa = PBXFileReference; fileEncoding = 4; lastKnownFileType = sourcecode.c.objc; path = Record.m; sourceTree = "<group>"; };
		5793014119CBCAA500DEF241 /* LogViewController.h */ = {isa = PBXFileReference; fileEncoding = 4; lastKnownFileType = sourcecode.c.h; name = LogViewController.h; path = ../LogViewController.h; sourceTree = "<group>"; };
		5793014219CBCAA500DEF241 /* LogViewController.m */ = {isa = PBXFileReference; fileEncoding = 4; lastKnownFileType = sourcecode.c.objc; name = LogViewController.m; path = ../LogViewController.m; sourceTree = "<group>"; };
		5793014419CBF94D00DEF241 /* PageViewController.h */ = {isa = PBXFileReference; fileEncoding = 4; lastKnownFileType = sourcecode.c.h; path = PageViewController.h; sourceTree = "<group>"; };
		5793014519CBF94D00DEF241 /* PageViewController.m */ = {isa = PBXFileReference; fileEncoding = 4; lastKnownFileType = sourcecode.c.objc; path = PageViewController.m; sourceTree = "<group>"; };
		5793014719CBF99900DEF241 /* ModelControler.h */ = {isa = PBXFileReference; fileEncoding = 4; lastKnownFileType = sourcecode.c.h; path = ModelControler.h; sourceTree = "<group>"; };
		5793014819CBF99900DEF241 /* ModelControler.m */ = {isa = PBXFileReference; fileEncoding = 4; lastKnownFileType = sourcecode.c.objc; path = ModelControler.m; sourceTree = "<group>"; };
		5793014A19CBFA4000DEF241 /* LogDatabase.h */ = {isa = PBXFileReference; fileEncoding = 4; lastKnownFileType = sourcecode.c.h; path = LogDatabase.h; sourceTree = "<group>"; };
		5793014B19CBFA4000DEF241 /* LogDatabase.m */ = {isa = PBXFileReference; fileEncoding = 4; lastKnownFileType = sourcecode.c.objc; path = LogDatabase.m; sourceTree = "<group>"; };
		5793014D19CBFBD100DEF241 /* LogShowViewController.h */ = {isa = PBXFileReference; fileEncoding = 4; lastKnownFileType = sourcecode.c.h; path = LogShowViewController.h; sourceTree = "<group>"; };
		5793014E19CBFBD100DEF241 /* LogShowViewController.m */ = {isa = PBXFileReference; fileEncoding = 4; lastKnownFileType = sourcecode.c.objc; path = LogShowViewController.m; sourceTree = "<group>"; };
		57A2D35B1A01F04E00595BBF /* ic_book_black_24dp.png */ = {isa = PBXFileReference; lastKnownFileType = image.png; path = ic_book_black_24dp.png; sourceTree = "<group>"; };
		57A3D5F019AED8AB0025FEEB /* ForecastAnnotation.h */ = {isa = PBXFileReference; fileEncoding = 4; lastKnownFileType = sourcecode.c.h; path = ForecastAnnotation.h; sourceTree = "<group>"; };
		57A3D5F119AED8AB0025FEEB /* ForecastAnnotation.m */ = {isa = PBXFileReference; fileEncoding = 4; lastKnownFileType = sourcecode.c.objc; path = ForecastAnnotation.m; sourceTree = "<group>"; };
		57A3D5F319AED8E20025FEEB /* MapKit.framework */ = {isa = PBXFileReference; lastKnownFileType = wrapper.framework; name = MapKit.framework; path = System/Library/Frameworks/MapKit.framework; sourceTree = SDKROOT; };
		57A7DEB91A0B451400F11CE6 /* Reachability.h */ = {isa = PBXFileReference; fileEncoding = 4; lastKnownFileType = sourcecode.c.h; path = Reachability.h; sourceTree = "<group>"; };
		57A7DEBA1A0B451400F11CE6 /* Reachability.m */ = {isa = PBXFileReference; fileEncoding = 4; lastKnownFileType = sourcecode.c.objc; path = Reachability.m; sourceTree = "<group>"; };
		57A8CA0A1A089BF400238CD3 /* TourTableViewController.h */ = {isa = PBXFileReference; fileEncoding = 4; lastKnownFileType = sourcecode.c.h; path = TourTableViewController.h; sourceTree = "<group>"; };
		57A8CA0B1A089BF400238CD3 /* TourTableViewController.m */ = {isa = PBXFileReference; fileEncoding = 4; lastKnownFileType = sourcecode.c.objc; path = TourTableViewController.m; sourceTree = "<group>"; };
		57AD566619B6BD29009252C0 /* ForecastDetailViewController.h */ = {isa = PBXFileReference; fileEncoding = 4; lastKnownFileType = sourcecode.c.h; path = ForecastDetailViewController.h; sourceTree = "<group>"; };
		57AD566719B6BD29009252C0 /* ForecastDetailViewController.m */ = {isa = PBXFileReference; fileEncoding = 4; lastKnownFileType = sourcecode.c.objc; path = ForecastDetailViewController.m; sourceTree = "<group>"; };
		57B56FF81A08BEED004921BB /* TourDetailViewController.h */ = {isa = PBXFileReference; fileEncoding = 4; lastKnownFileType = sourcecode.c.h; path = TourDetailViewController.h; sourceTree = "<group>"; };
		57B56FF91A08BEED004921BB /* TourDetailViewController.m */ = {isa = PBXFileReference; fileEncoding = 4; lastKnownFileType = sourcecode.c.objc; path = TourDetailViewController.m; sourceTree = "<group>"; };
		57B69E001A007E15006C56EA /* LogCategoryViewController.h */ = {isa = PBXFileReference; fileEncoding = 4; lastKnownFileType = sourcecode.c.h; path = LogCategoryViewController.h; sourceTree = "<group>"; };
		57B69E011A007E15006C56EA /* LogCategoryViewController.m */ = {isa = PBXFileReference; fileEncoding = 4; lastKnownFileType = sourcecode.c.objc; path = LogCategoryViewController.m; sourceTree = "<group>"; };
		57BA4DD419FF3508001BA6CA /* ic_warning_amber_48dp.png */ = {isa = PBXFileReference; lastKnownFileType = image.png; path = ic_warning_amber_48dp.png; sourceTree = "<group>"; };
		57BA4DD619FF3547001BA6CA /* ic_book_black_48dp.png */ = {isa = PBXFileReference; lastKnownFileType = image.png; path = ic_book_black_48dp.png; sourceTree = "<group>"; };
		57BA4DD819FF35F6001BA6CA /* ic_home_black_24dp.png */ = {isa = PBXFileReference; lastKnownFileType = image.png; path = ic_home_black_24dp.png; sourceTree = "<group>"; };
		57BA4DDA19FF363E001BA6CA /* ic_refresh_black_24dp.png */ = {isa = PBXFileReference; lastKnownFileType = image.png; path = ic_refresh_black_24dp.png; sourceTree = "<group>"; };
		57BA4DDC19FF3677001BA6CA /* ic_save_black_24dp.png */ = {isa = PBXFileReference; lastKnownFileType = image.png; path = ic_save_black_24dp.png; sourceTree = "<group>"; };
		57BA4DDE19FF3AA4001BA6CA /* ic_edit_black_24dp.png */ = {isa = PBXFileReference; lastKnownFileType = image.png; path = ic_edit_black_24dp.png; sourceTree = "<group>"; };
		57BEF03D1A0753C7009804C1 /* Taichung_Diving@3x.png */ = {isa = PBXFileReference; lastKnownFileType = image.png; path = "Taichung_Diving@3x.png"; sourceTree = "<group>"; };
		57BEF03F1A07552E009804C1 /* Taichung_Diving@2x.png */ = {isa = PBXFileReference; lastKnownFileType = image.png; name = "Taichung_Diving@2x.png"; path = "../Taichung_Diving@2x.png"; sourceTree = "<group>"; };
		57BEF0411A07569C009804C1 /* Images-2.xcassets */ = {isa = PBXFileReference; lastKnownFileType = folder.assetcatalog; name = "Images-2.xcassets"; path = "taichungdiving/Images-2.xcassets"; sourceTree = "<group>"; };
		57BEF0431A075897009804C1 /* Default-568h@2x.png */ = {isa = PBXFileReference; lastKnownFileType = image.png; name = "Default-568h@2x.png"; path = "../Default-568h@2x.png"; sourceTree = "<group>"; };
		57DCBB3919A19C2200BFFCED /* MainViewController.h */ = {isa = PBXFileReference; fileEncoding = 4; lastKnownFileType = sourcecode.c.h; path = MainViewController.h; sourceTree = "<group>"; };
		57DCBB3A19A19C2200BFFCED /* MainViewController.m */ = {isa = PBXFileReference; fileEncoding = 4; lastKnownFileType = sourcecode.c.objc; path = MainViewController.m; sourceTree = "<group>"; };
		57DCBB3C19A19C6B00BFFCED /* DiveLog.h */ = {isa = PBXFileReference; fileEncoding = 4; lastKnownFileType = sourcecode.c.h; path = DiveLog.h; sourceTree = "<group>"; };
		57DCBB3D19A19C6B00BFFCED /* DiveLog.m */ = {isa = PBXFileReference; fileEncoding = 4; lastKnownFileType = sourcecode.c.objc; path = DiveLog.m; sourceTree = "<group>"; };
/* End PBXFileReference section */

/* Begin PBXFrameworksBuildPhase section */
		18D85C83199CF9CA00D20CC8 /* Frameworks */ = {
			isa = PBXFrameworksBuildPhase;
			buildActionMask = 2147483647;
			files = (
				57A3D5F419AED8E20025FEEB /* MapKit.framework in Frameworks */,
				18D85C8C199CF9CA00D20CC8 /* CoreGraphics.framework in Frameworks */,
				18D85C90199CF9CA00D20CC8 /* CoreData.framework in Frameworks */,
				18D85C8E199CF9CA00D20CC8 /* UIKit.framework in Frameworks */,
				18D85C8A199CF9CA00D20CC8 /* Foundation.framework in Frameworks */,
			);
			runOnlyForDeploymentPostprocessing = 0;
		};
		18D85CA3199CF9CA00D20CC8 /* Frameworks */ = {
			isa = PBXFrameworksBuildPhase;
			buildActionMask = 2147483647;
			files = (
				18D85CA8199CF9CA00D20CC8 /* XCTest.framework in Frameworks */,
				18D85CAB199CF9CA00D20CC8 /* CoreData.framework in Frameworks */,
				18D85CAA199CF9CA00D20CC8 /* UIKit.framework in Frameworks */,
				18D85CA9199CF9CA00D20CC8 /* Foundation.framework in Frameworks */,
			);
			runOnlyForDeploymentPostprocessing = 0;
		};
/* End PBXFrameworksBuildPhase section */

/* Begin PBXGroup section */
		18CC91381A57E77E000B3AD0 /* Dropped */ = {
			isa = PBXGroup;
			children = (
				579090EB19A71E1E00FABBF5 /* Record.h */,
				579090EC19A71E1E00FABBF5 /* Record.m */,
				57A3D5F019AED8AB0025FEEB /* ForecastAnnotation.h */,
				57A3D5F119AED8AB0025FEEB /* ForecastAnnotation.m */,
				578A1D4119E4C80A00393AD3 /* SitePick.h */,
				578A1D4219E4C80A00393AD3 /* SitePick.m */,
				1818ADCA19A4DC2700EE1327 /* ForecastViewController.h */,
				1818ADCB19A4DC2700EE1327 /* ForecastViewController.m */,
				57AD566619B6BD29009252C0 /* ForecastDetailViewController.h */,
				57AD566719B6BD29009252C0 /* ForecastDetailViewController.m */,
			);
			name = Dropped;
			sourceTree = "<group>";
		};
		18D85C7D199CF9CA00D20CC8 = {
			isa = PBXGroup;
			children = (
				18D85C91199CF9CA00D20CC8 /* taichungdiving */,
				18D85CAE199CF9CA00D20CC8 /* taichungdivingTests */,
				18D85C88199CF9CA00D20CC8 /* Frameworks */,
				18D85C87199CF9CA00D20CC8 /* Products */,
				57BEF0411A07569C009804C1 /* Images-2.xcassets */,
			);
			sourceTree = "<group>";
		};
		18D85C87199CF9CA00D20CC8 /* Products */ = {
			isa = PBXGroup;
			children = (
				18D85C86199CF9CA00D20CC8 /* taichungdiving.app */,
				18D85CA6199CF9CA00D20CC8 /* taichungdivingTests.xctest */,
			);
			name = Products;
			sourceTree = "<group>";
		};
		18D85C88199CF9CA00D20CC8 /* Frameworks */ = {
			isa = PBXGroup;
			children = (
				57A3D5F319AED8E20025FEEB /* MapKit.framework */,
				18D85C89199CF9CA00D20CC8 /* Foundation.framework */,
				18D85C8B199CF9CA00D20CC8 /* CoreGraphics.framework */,
				18D85C8D199CF9CA00D20CC8 /* UIKit.framework */,
				18D85C8F199CF9CA00D20CC8 /* CoreData.framework */,
				18D85CA7199CF9CA00D20CC8 /* XCTest.framework */,
			);
			name = Frameworks;
			sourceTree = "<group>";
		};
		18D85C91199CF9CA00D20CC8 /* taichungdiving */ = {
			isa = PBXGroup;
			children = (
				18CC91381A57E77E000B3AD0 /* Dropped */,
				57BA4DC519FF2DA4001BA6CA /* Icons */,
				57DCBB4019A1DA7500BFFCED /* ViewController */,
				57DCBB3F19A19C7300BFFCED /* Database */,
				18D85C92199CF9CA00D20CC8 /* Supporting Files */,
			);
			path = taichungdiving;
			sourceTree = "<group>";
		};
		18D85C92199CF9CA00D20CC8 /* Supporting Files */ = {
			isa = PBXGroup;
			children = (
				57A7DEB91A0B451400F11CE6 /* Reachability.h */,
				57A7DEBA1A0B451400F11CE6 /* Reachability.m */,
				57BEF0431A075897009804C1 /* Default-568h@2x.png */,
				5793014719CBF99900DEF241 /* ModelControler.h */,
				5793014819CBF99900DEF241 /* ModelControler.m */,
				5793014A19CBFA4000DEF241 /* LogDatabase.h */,
				5793014B19CBFA4000DEF241 /* LogDatabase.m */,
				18D85C9A199CF9CA00D20CC8 /* AppDelegate.h */,
				18D85C9B199CF9CA00D20CC8 /* AppDelegate.m */,
				18D85C93199CF9CA00D20CC8 /* taichungdiving-Info.plist */,
				18D85C94199CF9CA00D20CC8 /* InfoPlist.strings */,
				18D85C97199CF9CA00D20CC8 /* main.m */,
				18D85C99199CF9CA00D20CC8 /* taichungdiving-Prefix.pch */,
			);
			name = "Supporting Files";
			sourceTree = "<group>";
		};
		18D85CAE199CF9CA00D20CC8 /* taichungdivingTests */ = {
			isa = PBXGroup;
			children = (
				18D85CB4199CF9CA00D20CC8 /* taichungdivingTests.m */,
				18D85CAF199CF9CA00D20CC8 /* Supporting Files */,
			);
			path = taichungdivingTests;
			sourceTree = "<group>";
		};
		18D85CAF199CF9CA00D20CC8 /* Supporting Files */ = {
			isa = PBXGroup;
			children = (
				18D85CB0199CF9CA00D20CC8 /* taichungdivingTests-Info.plist */,
				18D85CB1199CF9CA00D20CC8 /* InfoPlist.strings */,
			);
			name = "Supporting Files";
			sourceTree = "<group>";
		};
		57BA4DC519FF2DA4001BA6CA /* Icons */ = {
			isa = PBXGroup;
			children = (
				18CC91361A57DAC2000B3AD0 /* icons.bundle */,
				183FEB351A07C14000447579 /* fadiving@2x.png */,
				183FEB361A07C14000447579 /* fadiving@3x.png */,
				57BEF03F1A07552E009804C1 /* Taichung_Diving@2x.png */,
				57BEF03D1A0753C7009804C1 /* Taichung_Diving@3x.png */,
				183498D51A011227009FD228 /* ic_class_black_48dp.png */,
				57A2D35B1A01F04E00595BBF /* ic_book_black_24dp.png */,
				57BA4DDE19FF3AA4001BA6CA /* ic_edit_black_24dp.png */,
				57BA4DD819FF35F6001BA6CA /* ic_home_black_24dp.png */,
				57BA4DDC19FF3677001BA6CA /* ic_save_black_24dp.png */,
				57BA4DDA19FF363E001BA6CA /* ic_refresh_black_24dp.png */,
				57BA4DD619FF3547001BA6CA /* ic_book_black_48dp.png */,
				57BA4DD419FF3508001BA6CA /* ic_warning_amber_48dp.png */,
			);
			name = Icons;
			sourceTree = "<group>";
		};
		57DCBB3F19A19C7300BFFCED /* Database */ = {
			isa = PBXGroup;
			children = (
				18D85C9D199CF9CA00D20CC8 /* taichungdiving.xcdatamodeld */,
				57DCBB3C19A19C6B00BFFCED /* DiveLog.h */,
				57DCBB3D19A19C6B00BFFCED /* DiveLog.m */,
			);
			name = Database;
			sourceTree = "<group>";
		};
		57DCBB4019A1DA7500BFFCED /* ViewController */ = {
			isa = PBXGroup;
			children = (
				5793014119CBCAA500DEF241 /* LogViewController.h */,
				5793014219CBCAA500DEF241 /* LogViewController.m */,
				57DCBB3919A19C2200BFFCED /* MainViewController.h */,
				57DCBB3A19A19C2200BFFCED /* MainViewController.m */,
				577D179219A2F5FB00370BC3 /* LogBookTableViewController.h */,
				577D179319A2F5FB00370BC3 /* LogBookTableViewController.m */,
				5793014419CBF94D00DEF241 /* PageViewController.h */,
				5793014519CBF94D00DEF241 /* PageViewController.m */,
				5793014D19CBFBD100DEF241 /* LogShowViewController.h */,
				5793014E19CBFBD100DEF241 /* LogShowViewController.m */,
				57B69E001A007E15006C56EA /* LogCategoryViewController.h */,
				57B69E011A007E15006C56EA /* LogCategoryViewController.m */,
				57A8CA0A1A089BF400238CD3 /* TourTableViewController.h */,
				57A8CA0B1A089BF400238CD3 /* TourTableViewController.m */,
				57B56FF81A08BEED004921BB /* TourDetailViewController.h */,
				57B56FF91A08BEED004921BB /* TourDetailViewController.m */,
				18CC91211A57C07A000B3AD0 /* ForecastNewViewController.h */,
				18CC91221A57C07A000B3AD0 /* ForecastNewViewController.m */,
			);
			name = ViewController;
			sourceTree = "<group>";
		};
/* End PBXGroup section */

/* Begin PBXNativeTarget section */
		18D85C85199CF9CA00D20CC8 /* taichungdiving */ = {
			isa = PBXNativeTarget;
			buildConfigurationList = 18D85CB8199CF9CA00D20CC8 /* Build configuration list for PBXNativeTarget "taichungdiving" */;
			buildPhases = (
				18D85C82199CF9CA00D20CC8 /* Sources */,
				18D85C83199CF9CA00D20CC8 /* Frameworks */,
				18D85C84199CF9CA00D20CC8 /* Resources */,
			);
			buildRules = (
			);
			dependencies = (
			);
			name = taichungdiving;
			productName = taichungdiving;
			productReference = 18D85C86199CF9CA00D20CC8 /* taichungdiving.app */;
			productType = "com.apple.product-type.application";
		};
		18D85CA5199CF9CA00D20CC8 /* taichungdivingTests */ = {
			isa = PBXNativeTarget;
			buildConfigurationList = 18D85CBB199CF9CA00D20CC8 /* Build configuration list for PBXNativeTarget "taichungdivingTests" */;
			buildPhases = (
				18D85CA2199CF9CA00D20CC8 /* Sources */,
				18D85CA3199CF9CA00D20CC8 /* Frameworks */,
				18D85CA4199CF9CA00D20CC8 /* Resources */,
			);
			buildRules = (
			);
			dependencies = (
				18D85CAD199CF9CA00D20CC8 /* PBXTargetDependency */,
			);
			name = taichungdivingTests;
			productName = taichungdivingTests;
			productReference = 18D85CA6199CF9CA00D20CC8 /* taichungdivingTests.xctest */;
			productType = "com.apple.product-type.bundle.unit-test";
		};
/* End PBXNativeTarget section */

/* Begin PBXProject section */
		18D85C7E199CF9CA00D20CC8 /* Project object */ = {
			isa = PBXProject;
			attributes = {
				LastUpgradeCheck = 0510;
				ORGANIZATIONNAME = SamuelTeng;
				TargetAttributes = {
					18D85CA5199CF9CA00D20CC8 = {
						TestTargetID = 18D85C85199CF9CA00D20CC8;
					};
				};
			};
			buildConfigurationList = 18D85C81199CF9CA00D20CC8 /* Build configuration list for PBXProject "taichungdiving" */;
			compatibilityVersion = "Xcode 3.2";
			developmentRegion = English;
			hasScannedForEncodings = 0;
			knownRegions = (
				en,
			);
			mainGroup = 18D85C7D199CF9CA00D20CC8;
			productRefGroup = 18D85C87199CF9CA00D20CC8 /* Products */;
			projectDirPath = "";
			projectRoot = "";
			targets = (
				18D85C85199CF9CA00D20CC8 /* taichungdiving */,
				18D85CA5199CF9CA00D20CC8 /* taichungdivingTests */,
			);
		};
/* End PBXProject section */

/* Begin PBXResourcesBuildPhase section */
		18D85C84199CF9CA00D20CC8 /* Resources */ = {
			isa = PBXResourcesBuildPhase;
			buildActionMask = 2147483647;
			files = (
				57BA4DDD19FF3677001BA6CA /* ic_save_black_24dp.png in Resources */,
				183FEB371A07C14000447579 /* fadiving@2x.png in Resources */,
				57BEF0401A07552E009804C1 /* Taichung_Diving@2x.png in Resources */,
				18D85C96199CF9CA00D20CC8 /* InfoPlist.strings in Resources */,
				57BEF03E1A0753C7009804C1 /* Taichung_Diving@3x.png in Resources */,
				57BA4DD919FF35F6001BA6CA /* ic_home_black_24dp.png in Resources */,
				183FEB381A07C14000447579 /* fadiving@3x.png in Resources */,
				57BA4DD719FF3547001BA6CA /* ic_book_black_48dp.png in Resources */,
				57BEF0421A07569C009804C1 /* Images-2.xcassets in Resources */,
				18CC91371A57DAC2000B3AD0 /* icons.bundle in Resources */,
				57BA4DDB19FF363E001BA6CA /* ic_refresh_black_24dp.png in Resources */,
				183498D61A011227009FD228 /* ic_class_black_48dp.png in Resources */,
				57BEF0441A075897009804C1 /* Default-568h@2x.png in Resources */,
				57BA4DD519FF3508001BA6CA /* ic_warning_amber_48dp.png in Resources */,
				57A2D35C1A01F04E00595BBF /* ic_book_black_24dp.png in Resources */,
				57BA4DDF19FF3AA4001BA6CA /* ic_edit_black_24dp.png in Resources */,
			);
			runOnlyForDeploymentPostprocessing = 0;
		};
		18D85CA4199CF9CA00D20CC8 /* Resources */ = {
			isa = PBXResourcesBuildPhase;
			buildActionMask = 2147483647;
			files = (
				18D85CB3199CF9CA00D20CC8 /* InfoPlist.strings in Resources */,
			);
			runOnlyForDeploymentPostprocessing = 0;
		};
/* End PBXResourcesBuildPhase section */

/* Begin PBXSourcesBuildPhase section */
		18D85C82199CF9CA00D20CC8 /* Sources */ = {
			isa = PBXSourcesBuildPhase;
			buildActionMask = 2147483647;
			files = (
				18D85C9C199CF9CA00D20CC8 /* AppDelegate.m in Sources */,
				578A1D4319E4C80A00393AD3 /* SitePick.m in Sources */,
				579090ED19A71E1E00FABBF5 /* Record.m in Sources */,
				5793014F19CBFBD100DEF241 /* LogShowViewController.m in Sources */,
				1818ADCC19A4DC2700EE1327 /* ForecastViewController.m in Sources */,
				57A8CA0C1A089BF400238CD3 /* TourTableViewController.m in Sources */,
				5793014919CBF99900DEF241 /* ModelControler.m in Sources */,
				57B56FFA1A08BEED004921BB /* TourDetailViewController.m in Sources */,
				18CC91231A57C07A000B3AD0 /* ForecastNewViewController.m in Sources */,
				57A3D5F219AED8AB0025FEEB /* ForecastAnnotation.m in Sources */,
				18D85C98199CF9CA00D20CC8 /* main.m in Sources */,
				18D85C9F199CF9CA00D20CC8 /* taichungdiving.xcdatamodeld in Sources */,
				577D179419A2F5FB00370BC3 /* LogBookTableViewController.m in Sources */,
				57DCBB3E19A19C6B00BFFCED /* DiveLog.m in Sources */,
				57AD566819B6BD29009252C0 /* ForecastDetailViewController.m in Sources */,
				57A7DEBB1A0B451400F11CE6 /* Reachability.m in Sources */,
				57B69E021A007E15006C56EA /* LogCategoryViewController.m in Sources */,
				57DCBB3B19A19C2200BFFCED /* MainViewController.m in Sources */,
				5793014C19CBFA4000DEF241 /* LogDatabase.m in Sources */,
				5793014319CBCAA500DEF241 /* LogViewController.m in Sources */,
				5793014619CBF94D00DEF241 /* PageViewController.m in Sources */,
			);
			runOnlyForDeploymentPostprocessing = 0;
		};
		18D85CA2199CF9CA00D20CC8 /* Sources */ = {
			isa = PBXSourcesBuildPhase;
			buildActionMask = 2147483647;
			files = (
				18D85CB5199CF9CA00D20CC8 /* taichungdivingTests.m in Sources */,
			);
			runOnlyForDeploymentPostprocessing = 0;
		};
/* End PBXSourcesBuildPhase section */

/* Begin PBXTargetDependency section */
		18D85CAD199CF9CA00D20CC8 /* PBXTargetDependency */ = {
			isa = PBXTargetDependency;
			target = 18D85C85199CF9CA00D20CC8 /* taichungdiving */;
			targetProxy = 18D85CAC199CF9CA00D20CC8 /* PBXContainerItemProxy */;
		};
/* End PBXTargetDependency section */

/* Begin PBXVariantGroup section */
		18D85C94199CF9CA00D20CC8 /* InfoPlist.strings */ = {
			isa = PBXVariantGroup;
			children = (
				18D85C95199CF9CA00D20CC8 /* en */,
			);
			name = InfoPlist.strings;
			sourceTree = "<group>";
		};
		18D85CB1199CF9CA00D20CC8 /* InfoPlist.strings */ = {
			isa = PBXVariantGroup;
			children = (
				18D85CB2199CF9CA00D20CC8 /* en */,
			);
			name = InfoPlist.strings;
			sourceTree = "<group>";
		};
/* End PBXVariantGroup section */

/* Begin XCBuildConfiguration section */
		18D85CB6199CF9CA00D20CC8 /* Debug */ = {
			isa = XCBuildConfiguration;
			buildSettings = {
				ALWAYS_SEARCH_USER_PATHS = NO;
				CLANG_CXX_LANGUAGE_STANDARD = "gnu++0x";
				CLANG_CXX_LIBRARY = "libc++";
				CLANG_ENABLE_MODULES = YES;
				CLANG_ENABLE_OBJC_ARC = YES;
				CLANG_WARN_BOOL_CONVERSION = YES;
				CLANG_WARN_CONSTANT_CONVERSION = YES;
				CLANG_WARN_DIRECT_OBJC_ISA_USAGE = YES_ERROR;
				CLANG_WARN_EMPTY_BODY = YES;
				CLANG_WARN_ENUM_CONVERSION = YES;
				CLANG_WARN_INT_CONVERSION = YES;
				CLANG_WARN_OBJC_ROOT_CLASS = YES_ERROR;
				CLANG_WARN__DUPLICATE_METHOD_MATCH = YES;
				CODE_SIGN_IDENTITY = "iPhone Developer: Sheng Yuan Teng (57C9DK5UZJ)";
				"CODE_SIGN_IDENTITY[sdk=iphoneos*]" = "iPhone Developer: Sheng Yuan Teng (57C9DK5UZJ)";
				COPY_PHASE_STRIP = NO;
				GCC_C_LANGUAGE_STANDARD = gnu99;
				GCC_DYNAMIC_NO_PIC = NO;
				GCC_OPTIMIZATION_LEVEL = 0;
				GCC_PREPROCESSOR_DEFINITIONS = (
					"DEBUG=1",
					"$(inherited)",
				);
				GCC_SYMBOLS_PRIVATE_EXTERN = NO;
				GCC_WARN_64_TO_32_BIT_CONVERSION = YES;
				GCC_WARN_ABOUT_RETURN_TYPE = YES_ERROR;
				GCC_WARN_UNDECLARED_SELECTOR = YES;
				GCC_WARN_UNINITIALIZED_AUTOS = YES_AGGRESSIVE;
				GCC_WARN_UNUSED_FUNCTION = YES;
				GCC_WARN_UNUSED_VARIABLE = YES;
				IPHONEOS_DEPLOYMENT_TARGET = 7.1;
				ONLY_ACTIVE_ARCH = YES;
				SDKROOT = iphoneos;
			};
			name = Debug;
		};
		18D85CB7199CF9CA00D20CC8 /* Release */ = {
			isa = XCBuildConfiguration;
			buildSettings = {
				ALWAYS_SEARCH_USER_PATHS = NO;
				CLANG_CXX_LANGUAGE_STANDARD = "gnu++0x";
				CLANG_CXX_LIBRARY = "libc++";
				CLANG_ENABLE_MODULES = YES;
				CLANG_ENABLE_OBJC_ARC = YES;
				CLANG_WARN_BOOL_CONVERSION = YES;
				CLANG_WARN_CONSTANT_CONVERSION = YES;
				CLANG_WARN_DIRECT_OBJC_ISA_USAGE = YES_ERROR;
				CLANG_WARN_EMPTY_BODY = YES;
				CLANG_WARN_ENUM_CONVERSION = YES;
				CLANG_WARN_INT_CONVERSION = YES;
				CLANG_WARN_OBJC_ROOT_CLASS = YES_ERROR;
				CLANG_WARN__DUPLICATE_METHOD_MATCH = YES;
				CODE_SIGN_IDENTITY = "iPhone Developer: Sheng Yuan Teng (57C9DK5UZJ)";
				"CODE_SIGN_IDENTITY[sdk=iphoneos*]" = "iPhone Developer: Sheng Yuan Teng (57C9DK5UZJ)";
				COPY_PHASE_STRIP = YES;
				ENABLE_NS_ASSERTIONS = NO;
				GCC_C_LANGUAGE_STANDARD = gnu99;
				GCC_WARN_64_TO_32_BIT_CONVERSION = YES;
				GCC_WARN_ABOUT_RETURN_TYPE = YES_ERROR;
				GCC_WARN_UNDECLARED_SELECTOR = YES;
				GCC_WARN_UNINITIALIZED_AUTOS = YES_AGGRESSIVE;
				GCC_WARN_UNUSED_FUNCTION = YES;
				GCC_WARN_UNUSED_VARIABLE = YES;
				IPHONEOS_DEPLOYMENT_TARGET = 7.1;
				SDKROOT = iphoneos;
				VALIDATE_PRODUCT = YES;
			};
			name = Release;
		};
		18D85CB9199CF9CA00D20CC8 /* Debug */ = {
			isa = XCBuildConfiguration;
			buildSettings = {
				ASSETCATALOG_COMPILER_APPICON_NAME = AppIcon;
				GCC_PRECOMPILE_PREFIX_HEADER = YES;
				GCC_PREFIX_HEADER = "taichungdiving/taichungdiving-Prefix.pch";
				INFOPLIST_FILE = "taichungdiving/taichungdiving-Info.plist";
				PRODUCT_NAME = "$(TARGET_NAME)";
				PROVISIONING_PROFILE = "42355f46-d32d-4689-b41c-09ebf57ccf99";
				"PROVISIONING_PROFILE[sdk=iphoneos*]" = "42355f46-d32d-4689-b41c-09ebf57ccf99";
				WRAPPER_EXTENSION = app;
			};
			name = Debug;
		};
		18D85CBA199CF9CA00D20CC8 /* Release */ = {
			isa = XCBuildConfiguration;
			buildSettings = {
				ASSETCATALOG_COMPILER_APPICON_NAME = AppIcon;
				GCC_PRECOMPILE_PREFIX_HEADER = YES;
				GCC_PREFIX_HEADER = "taichungdiving/taichungdiving-Prefix.pch";
				INFOPLIST_FILE = "taichungdiving/taichungdiving-Info.plist";
				PRODUCT_NAME = "$(TARGET_NAME)";
				PROVISIONING_PROFILE = "42355f46-d32d-4689-b41c-09ebf57ccf99";
				WRAPPER_EXTENSION = app;
			};
			name = Release;
		};
		18D85CBC199CF9CA00D20CC8 /* Debug */ = {
			isa = XCBuildConfiguration;
			buildSettings = {
				BUNDLE_LOADER = "$(BUILT_PRODUCTS_DIR)/taichungdiving.app/taichungdiving";
				FRAMEWORK_SEARCH_PATHS = (
					"$(SDKROOT)/Developer/Library/Frameworks",
					"$(inherited)",
					"$(DEVELOPER_FRAMEWORKS_DIR)",
				);
				GCC_PRECOMPILE_PREFIX_HEADER = YES;
				GCC_PREFIX_HEADER = "taichungdiving/taichungdiving-Prefix.pch";
				GCC_PREPROCESSOR_DEFINITIONS = (
					"DEBUG=1",
					"$(inherited)",
				);
				INFOPLIST_FILE = "taichungdivingTests/taichungdivingTests-Info.plist";
				PRODUCT_NAME = "$(TARGET_NAME)";
				TEST_HOST = "$(BUNDLE_LOADER)";
				WRAPPER_EXTENSION = xctest;
			};
			name = Debug;
		};
		18D85CBD199CF9CA00D20CC8 /* Release */ = {
			isa = XCBuildConfiguration;
			buildSettings = {
				BUNDLE_LOADER = "$(BUILT_PRODUCTS_DIR)/taichungdiving.app/taichungdiving";
				FRAMEWORK_SEARCH_PATHS = (
					"$(SDKROOT)/Developer/Library/Frameworks",
					"$(inherited)",
					"$(DEVELOPER_FRAMEWORKS_DIR)",
				);
				GCC_PRECOMPILE_PREFIX_HEADER = YES;
				GCC_PREFIX_HEADER = "taichungdiving/taichungdiving-Prefix.pch";
				INFOPLIST_FILE = "taichungdivingTests/taichungdivingTests-Info.plist";
				PRODUCT_NAME = "$(TARGET_NAME)";
				TEST_HOST = "$(BUNDLE_LOADER)";
				WRAPPER_EXTENSION = xctest;
			};
			name = Release;
		};
		57B2F3ED1A09EF4B005F1492 /* AdHoc */ = {
			isa = XCBuildConfiguration;
			buildSettings = {
				ALWAYS_SEARCH_USER_PATHS = NO;
				CLANG_CXX_LANGUAGE_STANDARD = "gnu++0x";
				CLANG_CXX_LIBRARY = "libc++";
				CLANG_ENABLE_MODULES = YES;
				CLANG_ENABLE_OBJC_ARC = YES;
				CLANG_WARN_BOOL_CONVERSION = YES;
				CLANG_WARN_CONSTANT_CONVERSION = YES;
				CLANG_WARN_DIRECT_OBJC_ISA_USAGE = YES_ERROR;
				CLANG_WARN_EMPTY_BODY = YES;
				CLANG_WARN_ENUM_CONVERSION = YES;
				CLANG_WARN_INT_CONVERSION = YES;
				CLANG_WARN_OBJC_ROOT_CLASS = YES_ERROR;
				CLANG_WARN__DUPLICATE_METHOD_MATCH = YES;
				CODE_SIGN_IDENTITY = "iPhone Distribution: Sheng Yuan Teng (7V3E82AMW2)";
				"CODE_SIGN_IDENTITY[sdk=iphoneos*]" = "iPhone Distribution: Sheng Yuan Teng (7V3E82AMW2)";
				COPY_PHASE_STRIP = YES;
				ENABLE_NS_ASSERTIONS = NO;
				GCC_C_LANGUAGE_STANDARD = gnu99;
				GCC_WARN_64_TO_32_BIT_CONVERSION = YES;
				GCC_WARN_ABOUT_RETURN_TYPE = YES_ERROR;
				GCC_WARN_UNDECLARED_SELECTOR = YES;
				GCC_WARN_UNINITIALIZED_AUTOS = YES_AGGRESSIVE;
				GCC_WARN_UNUSED_FUNCTION = YES;
				GCC_WARN_UNUSED_VARIABLE = YES;
				IPHONEOS_DEPLOYMENT_TARGET = 7.1;
				SDKROOT = iphoneos;
				VALIDATE_PRODUCT = YES;
			};
			name = AdHoc;
		};
		57B2F3EE1A09EF4B005F1492 /* AdHoc */ = {
			isa = XCBuildConfiguration;
			buildSettings = {
				ASSETCATALOG_COMPILER_APPICON_NAME = AppIcon;
				GCC_PRECOMPILE_PREFIX_HEADER = YES;
				GCC_PREFIX_HEADER = "taichungdiving/taichungdiving-Prefix.pch";
				INFOPLIST_FILE = "taichungdiving/taichungdiving-Info.plist";
				PRODUCT_NAME = "$(TARGET_NAME)";
				PROVISIONING_PROFILE = "42355f46-d32d-4689-b41c-09ebf57ccf99";
				WRAPPER_EXTENSION = app;
			};
			name = AdHoc;
		};
		57B2F3EF1A09EF4B005F1492 /* AdHoc */ = {
			isa = XCBuildConfiguration;
			buildSettings = {
				BUNDLE_LOADER = "$(BUILT_PRODUCTS_DIR)/taichungdiving.app/taichungdiving";
				FRAMEWORK_SEARCH_PATHS = (
					"$(SDKROOT)/Developer/Library/Frameworks",
					"$(inherited)",
					"$(DEVELOPER_FRAMEWORKS_DIR)",
				);
				GCC_PRECOMPILE_PREFIX_HEADER = YES;
				GCC_PREFIX_HEADER = "taichungdiving/taichungdiving-Prefix.pch";
				INFOPLIST_FILE = "taichungdivingTests/taichungdivingTests-Info.plist";
				PRODUCT_NAME = "$(TARGET_NAME)";
				TEST_HOST = "$(BUNDLE_LOADER)";
				WRAPPER_EXTENSION = xctest;
			};
			name = AdHoc;
		};
/* End XCBuildConfiguration section */

/* Begin XCConfigurationList section */
		18D85C81199CF9CA00D20CC8 /* Build configuration list for PBXProject "taichungdiving" */ = {
			isa = XCConfigurationList;
			buildConfigurations = (
				18D85CB6199CF9CA00D20CC8 /* Debug */,
				18D85CB7199CF9CA00D20CC8 /* Release */,
				57B2F3ED1A09EF4B005F1492 /* AdHoc */,
			);
			defaultConfigurationIsVisible = 0;
			defaultConfigurationName = Release;
		};
		18D85CB8199CF9CA00D20CC8 /* Build configuration list for PBXNativeTarget "taichungdiving" */ = {
			isa = XCConfigurationList;
			buildConfigurations = (
				18D85CB9199CF9CA00D20CC8 /* Debug */,
				18D85CBA199CF9CA00D20CC8 /* Release */,
				57B2F3EE1A09EF4B005F1492 /* AdHoc */,
			);
			defaultConfigurationIsVisible = 0;
			defaultConfigurationName = Release;
		};
		18D85CBB199CF9CA00D20CC8 /* Build configuration list for PBXNativeTarget "taichungdivingTests" */ = {
			isa = XCConfigurationList;
			buildConfigurations = (
				18D85CBC199CF9CA00D20CC8 /* Debug */,
				18D85CBD199CF9CA00D20CC8 /* Release */,
				57B2F3EF1A09EF4B005F1492 /* AdHoc */,
			);
			defaultConfigurationIsVisible = 0;
			defaultConfigurationName = Release;
		};
/* End XCConfigurationList section */

/* Begin XCVersionGroup section */
		18D85C9D199CF9CA00D20CC8 /* taichungdiving.xcdatamodeld */ = {
			isa = XCVersionGroup;
			children = (
				18D85C9E199CF9CA00D20CC8 /* taichungdiving.xcdatamodel */,
			);
			currentVersion = 18D85C9E199CF9CA00D20CC8 /* taichungdiving.xcdatamodel */;
			path = taichungdiving.xcdatamodeld;
			sourceTree = "<group>";
			versionGroupType = wrapper.xcdatamodel;
		};
/* End XCVersionGroup section */
	};
	rootObject = 18D85C7E199CF9CA00D20CC8 /* Project object */;
}
